
Microsoft Visual Studio Solution File, Format Version 12.00
# Visual Studio Version 17
VisualStudioVersion = 17.1.32414.318
MinimumVisualStudioVersion = 10.0.40219.1
Project("{FAE04EC0-301F-11D3-BF4B-00C04F79EFBC}") = "MindBoxTestTask", "MindBoxTestTask.csproj", "{11AE1C2B-29CF-48E3-8B00-B01CAEDCEBB2}"
EndProject
Project("{FAE04EC0-301F-11D3-BF4B-00C04F79EFBC}") = "TestTask_Tests", "..\TestTask_Tests\TestTask_Tests.csproj", "{AE48D9B2-3C3A-4079-9BCE-F4ABFC646418}"
	ProjectSection(ProjectDependencies) = postProject
		{11AE1C2B-29CF-48E3-8B00-B01CAEDCEBB2} = {11AE1C2B-29CF-48E3-8B00-B01CAEDCEBB2}
	EndProjectSection
EndProject
Global
	GlobalSection(SolutionConfigurationPlatforms) = preSolution
		Debug|Any CPU = Debug|Any CPU
		Release|Any CPU = Release|Any CPU
	EndGlobalSection
	GlobalSection(ProjectConfigurationPlatforms) = postSolution
		{11AE1C2B-29CF-48E3-8B00-B01CAEDCEBB2}.Debug|Any CPU.ActiveCfg = Debug|Any CPU
		{11AE1C2B-29CF-48E3-8B00-B01CAEDCEBB2}.Debug|Any CPU.Build.0 = Debug|Any CPU
		{11AE1C2B-29CF-48E3-8B00-B01CAEDCEBB2}.Release|Any CPU.ActiveCfg = Release|Any CPU
		{11AE1C2B-29CF-48E3-8B00-B01CAEDCEBB2}.Release|Any CPU.Build.0 = Release|Any CPU
		{AE48D9B2-3C3A-4079-9BCE-F4ABFC646418}.Debug|Any CPU.ActiveCfg = Debug|Any CPU
		{AE48D9B2-3C3A-4079-9BCE-F4ABFC646418}.Debug|Any CPU.Build.0 = Debug|Any CPU
		{AE48D9B2-3C3A-4079-9BCE-F4ABFC646418}.Release|Any CPU.ActiveCfg = Release|Any CPU
		{AE48D9B2-3C3A-4079-9BCE-F4ABFC646418}.Release|Any CPU.Build.0 = Release|Any CPU
	EndGlobalSection
	GlobalSection(SolutionProperties) = preSolution
		HideSolutionNode = FALSE
	EndGlobalSection
	GlobalSection(ExtensibilityGlobals) = postSolution
		SolutionGuid = {EF851A62-E53E-4538-BC13-7F6539EDFE86}
	EndGlobalSection
EndGlobal
